
Microsoft Visual Studio Solution File, Format Version 12.00
# Visual Studio Version 17
VisualStudioVersion = 17.5.33627.172
MinimumVisualStudioVersion = 10.0.40219.1
Project("{9A19103F-16F7-4668-BE54-9A1E7A4F7556}") = "GestorStock.Server", "Server\GestorStock.Server.csproj", "{3F86FC2A-7931-44E6-AE74-729A593DAECA}"
EndProject
Project("{9A19103F-16F7-4668-BE54-9A1E7A4F7556}") = "GestorStock.Client", "Client\GestorStock.Client.csproj", "{AD5729E9-789F-4DA8-A240-8FE02E258ACB}"
EndProject
Project("{9A19103F-16F7-4668-BE54-9A1E7A4F7556}") = "GestorStock.Shared", "Shared\GestorStock.Shared.csproj", "{9361C477-D325-4A2D-A63E-0163143FAC86}"
EndProject
Project("{9A19103F-16F7-4668-BE54-9A1E7A4F7556}") = "GestorStock.BD", "GestorStock.BD\GestorStock.BD.csproj", "{477952AB-007C-4D16-9393-D2C13FC0B800}"
EndProject
Global
	GlobalSection(SolutionConfigurationPlatforms) = preSolution
		Debug|Any CPU = Debug|Any CPU
		Release|Any CPU = Release|Any CPU
	EndGlobalSection
	GlobalSection(ProjectConfigurationPlatforms) = postSolution
		{3F86FC2A-7931-44E6-AE74-729A593DAECA}.Debug|Any CPU.ActiveCfg = Debug|Any CPU
		{3F86FC2A-7931-44E6-AE74-729A593DAECA}.Debug|Any CPU.Build.0 = Debug|Any CPU
		{3F86FC2A-7931-44E6-AE74-729A593DAECA}.Release|Any CPU.ActiveCfg = Release|Any CPU
		{3F86FC2A-7931-44E6-AE74-729A593DAECA}.Release|Any CPU.Build.0 = Release|Any CPU
		{AD5729E9-789F-4DA8-A240-8FE02E258ACB}.Debug|Any CPU.ActiveCfg = Debug|Any CPU
		{AD5729E9-789F-4DA8-A240-8FE02E258ACB}.Debug|Any CPU.Build.0 = Debug|Any CPU
		{AD5729E9-789F-4DA8-A240-8FE02E258ACB}.Release|Any CPU.ActiveCfg = Release|Any CPU
		{AD5729E9-789F-4DA8-A240-8FE02E258ACB}.Release|Any CPU.Build.0 = Release|Any CPU
		{9361C477-D325-4A2D-A63E-0163143FAC86}.Debug|Any CPU.ActiveCfg = Debug|Any CPU
		{9361C477-D325-4A2D-A63E-0163143FAC86}.Debug|Any CPU.Build.0 = Debug|Any CPU
		{9361C477-D325-4A2D-A63E-0163143FAC86}.Release|Any CPU.ActiveCfg = Release|Any CPU
		{9361C477-D325-4A2D-A63E-0163143FAC86}.Release|Any CPU.Build.0 = Release|Any CPU
		{477952AB-007C-4D16-9393-D2C13FC0B800}.Debug|Any CPU.ActiveCfg = Debug|Any CPU
		{477952AB-007C-4D16-9393-D2C13FC0B800}.Debug|Any CPU.Build.0 = Debug|Any CPU
		{477952AB-007C-4D16-9393-D2C13FC0B800}.Release|Any CPU.ActiveCfg = Release|Any CPU
		{477952AB-007C-4D16-9393-D2C13FC0B800}.Release|Any CPU.Build.0 = Release|Any CPU
	EndGlobalSection
	GlobalSection(SolutionProperties) = preSolution
		HideSolutionNode = FALSE
	EndGlobalSection
	GlobalSection(ExtensibilityGlobals) = postSolution
		SolutionGuid = {F8592AD3-309B-4FAD-840B-B841CD0B14F1}
	EndGlobalSection
EndGlobal
